
Microsoft Visual Studio Solution File, Format Version 12.00
# Visual Studio 15
VisualStudioVersion = 15.0.27004.2009
MinimumVisualStudioVersion = 10.0.40219.1
Project("{FAE04EC0-301F-11D3-BF4B-00C04F79EFBC}") = "RequestClassLibrary", "RequestClassLibrary\RequestClassLibrary.csproj", "{C1DAFE9B-C387-41CB-9297-161DED38D1FF}"
EndProject
Project("{FAE04EC0-301F-11D3-BF4B-00C04F79EFBC}") = "MyTestProj", "MyTestProj\MyTestProj.csproj", "{16C69F59-BA48-48FA-AEE2-14F08AAA2716}"
	ProjectSection(ProjectDependencies) = postProject
		{C1DAFE9B-C387-41CB-9297-161DED38D1FF} = {C1DAFE9B-C387-41CB-9297-161DED38D1FF}
	EndProjectSection
EndProject
Global
	GlobalSection(SolutionConfigurationPlatforms) = preSolution
		Debug|Any CPU = Debug|Any CPU
		Release|Any CPU = Release|Any CPU
	EndGlobalSection
	GlobalSection(ProjectConfigurationPlatforms) = postSolution
		{C1DAFE9B-C387-41CB-9297-161DED38D1FF}.Debug|Any CPU.ActiveCfg = Debug|Any CPU
		{C1DAFE9B-C387-41CB-9297-161DED38D1FF}.Debug|Any CPU.Build.0 = Debug|Any CPU
		{C1DAFE9B-C387-41CB-9297-161DED38D1FF}.Release|Any CPU.ActiveCfg = Release|Any CPU
		{C1DAFE9B-C387-41CB-9297-161DED38D1FF}.Release|Any CPU.Build.0 = Release|Any CPU
		{16C69F59-BA48-48FA-AEE2-14F08AAA2716}.Debug|Any CPU.ActiveCfg = Debug|Any CPU
		{16C69F59-BA48-48FA-AEE2-14F08AAA2716}.Debug|Any CPU.Build.0 = Debug|Any CPU
		{16C69F59-BA48-48FA-AEE2-14F08AAA2716}.Release|Any CPU.ActiveCfg = Release|Any CPU
		{16C69F59-BA48-48FA-AEE2-14F08AAA2716}.Release|Any CPU.Build.0 = Release|Any CPU
	EndGlobalSection
	GlobalSection(SolutionProperties) = preSolution
		HideSolutionNode = FALSE
	EndGlobalSection
	GlobalSection(ExtensibilityGlobals) = postSolution
		SolutionGuid = {1B0E972A-F70A-4EA1-A289-9E04591AE952}
	EndGlobalSection
EndGlobal
